
Microsoft Visual Studio Solution File, Format Version 12.00
# Visual Studio Version 17
VisualStudioVersion = 17.0.32014.148
MinimumVisualStudioVersion = 10.0.40219.1
Project("{FAE04EC0-301F-11D3-BF4B-00C04F79EFBC}") = "Calculadora", "UdemyCourseTrainning\Calculadora.csproj", "{0BF2D163-B91E-4EDD-8865-43F97F3186F3}"
EndProject
Project("{2150E333-8FDC-42A3-9474-1A3956D46DE8}") = "Calculadora", "Calculadora", "{044988BA-CE54-43F5-988B-29D626C528FE}"
EndProject
Project("{2150E333-8FDC-42A3-9474-1A3956D46DE8}") = "ExDolar", "ExDolar", "{DB3693F8-ED59-4A45-9E7D-6451FD9E413A}"
EndProject
Project("{FAE04EC0-301F-11D3-BF4B-00C04F79EFBC}") = "ExConversorDeMoeda", "ExConversorDeMoeda\ExConversorDeMoeda.csproj", "{14C17355-E254-4AA3-9563-B32524D22548}"
EndProject
Global
	GlobalSection(SolutionConfigurationPlatforms) = preSolution
		Debug|Any CPU = Debug|Any CPU
		Release|Any CPU = Release|Any CPU
	EndGlobalSection
	GlobalSection(ProjectConfigurationPlatforms) = postSolution
		{0BF2D163-B91E-4EDD-8865-43F97F3186F3}.Debug|Any CPU.ActiveCfg = Debug|Any CPU
		{0BF2D163-B91E-4EDD-8865-43F97F3186F3}.Debug|Any CPU.Build.0 = Debug|Any CPU
		{0BF2D163-B91E-4EDD-8865-43F97F3186F3}.Release|Any CPU.ActiveCfg = Release|Any CPU
		{0BF2D163-B91E-4EDD-8865-43F97F3186F3}.Release|Any CPU.Build.0 = Release|Any CPU
		{14C17355-E254-4AA3-9563-B32524D22548}.Debug|Any CPU.ActiveCfg = Debug|Any CPU
		{14C17355-E254-4AA3-9563-B32524D22548}.Debug|Any CPU.Build.0 = Debug|Any CPU
		{14C17355-E254-4AA3-9563-B32524D22548}.Release|Any CPU.ActiveCfg = Release|Any CPU
		{14C17355-E254-4AA3-9563-B32524D22548}.Release|Any CPU.Build.0 = Release|Any CPU
	EndGlobalSection
	GlobalSection(SolutionProperties) = preSolution
		HideSolutionNode = FALSE
	EndGlobalSection
	GlobalSection(NestedProjects) = preSolution
		{0BF2D163-B91E-4EDD-8865-43F97F3186F3} = {044988BA-CE54-43F5-988B-29D626C528FE}
		{14C17355-E254-4AA3-9563-B32524D22548} = {DB3693F8-ED59-4A45-9E7D-6451FD9E413A}
	EndGlobalSection
	GlobalSection(ExtensibilityGlobals) = postSolution
		SolutionGuid = {EEC67FFD-FD5F-4E63-A110-60B8271670EB}
	EndGlobalSection
EndGlobal
